// !$*UTF8*$!
{
	archiveVersion = 1;
	classes = {
	};
	objectVersion = 50;
	objects = {

/* Begin PBXBuildFile section */
		BAC7CCBF231E1868008B416A /* AppDelegate.swift in Sources */ = {isa = PBXBuildFile; fileRef = BAC7CCBE231E1868008B416A /* AppDelegate.swift */; };
		BAC7CCC1231E1868008B416A /* ViewController.swift in Sources */ = {isa = PBXBuildFile; fileRef = BAC7CCC0231E1868008B416A /* ViewController.swift */; };
		BAC7CCC4231E1868008B416A /* Main.storyboard in Resources */ = {isa = PBXBuildFile; fileRef = BAC7CCC2231E1868008B416A /* Main.storyboard */; };
		BAC7CCC6231E186A008B416A /* Assets.xcassets in Resources */ = {isa = PBXBuildFile; fileRef = BAC7CCC5231E186A008B416A /* Assets.xcassets */; };
		BAC7CCC9231E186A008B416A /* LaunchScreen.storyboard in Resources */ = {isa = PBXBuildFile; fileRef = BAC7CCC7231E186A008B416A /* LaunchScreen.storyboard */; };
		DF2A951C93FAA8D77318786E /* Pods_EasyTextExample.framework in Frameworks */ = {isa = PBXBuildFile; fileRef = 207DA27CF8249A4D34DB9A70 /* Pods_EasyTextExample.framework */; };
/* End PBXBuildFile section */

/* Begin PBXFileReference section */
		207DA27CF8249A4D34DB9A70 /* Pods_EasyTextExample.framework */ = {isa = PBXFileReference; explicitFileType = wrapper.framework; includeInIndex = 0; path = Pods_EasyTextExample.framework; sourceTree = BUILT_PRODUCTS_DIR; };
		373D50D899FA56FF2E624944 /* Pods-EasyTextExample.debug.xcconfig */ = {isa = PBXFileReference; includeInIndex = 1; lastKnownFileType = text.xcconfig; name = "Pods-EasyTextExample.debug.xcconfig"; path = "Target Support Files/Pods-EasyTextExample/Pods-EasyTextExample.debug.xcconfig"; sourceTree = "<group>"; };
		BAC7CCBB231E1868008B416A /* EasyTextExample.app */ = {isa = PBXFileReference; explicitFileType = wrapper.application; includeInIndex = 0; path = EasyTextExample.app; sourceTree = BUILT_PRODUCTS_DIR; };
		BAC7CCBE231E1868008B416A /* AppDelegate.swift */ = {isa = PBXFileReference; lastKnownFileType = sourcecode.swift; path = AppDelegate.swift; sourceTree = "<group>"; };
		BAC7CCC0231E1868008B416A /* ViewController.swift */ = {isa = PBXFileReference; lastKnownFileType = sourcecode.swift; path = ViewController.swift; sourceTree = "<group>"; };
		BAC7CCC3231E1868008B416A /* Base */ = {isa = PBXFileReference; lastKnownFileType = file.storyboard; name = Base; path = Base.lproj/Main.storyboard; sourceTree = "<group>"; };
		BAC7CCC5231E186A008B416A /* Assets.xcassets */ = {isa = PBXFileReference; lastKnownFileType = folder.assetcatalog; path = Assets.xcassets; sourceTree = "<group>"; };
		BAC7CCC8231E186A008B416A /* Base */ = {isa = PBXFileReference; lastKnownFileType = file.storyboard; name = Base; path = Base.lproj/LaunchScreen.storyboard; sourceTree = "<group>"; };
		BAC7CCCA231E186A008B416A /* Info.plist */ = {isa = PBXFileReference; lastKnownFileType = text.plist.xml; path = Info.plist; sourceTree = "<group>"; };
		DC6B7D690510883ED2C9CE58 /* Pods-EasyTextExample.release.xcconfig */ = {isa = PBXFileReference; includeInIndex = 1; lastKnownFileType = text.xcconfig; name = "Pods-EasyTextExample.release.xcconfig"; path = "Target Support Files/Pods-EasyTextExample/Pods-EasyTextExample.release.xcconfig"; sourceTree = "<group>"; };
/* End PBXFileReference section */

/* Begin PBXFrameworksBuildPhase section */
		BAC7CCB8231E1868008B416A /* Frameworks */ = {
			isa = PBXFrameworksBuildPhase;
			buildActionMask = 2147483647;
			files = (
				DF2A951C93FAA8D77318786E /* Pods_EasyTextExample.framework in Frameworks */,
			);
			runOnlyForDeploymentPostprocessing = 0;
		};
/* End PBXFrameworksBuildPhase section */

/* Begin PBXGroup section */
		3939BC6F57EDF0C480131B79 /* Frameworks */ = {
			isa = PBXGroup;
			children = (
				207DA27CF8249A4D34DB9A70 /* Pods_EasyTextExample.framework */,
			);
			name = Frameworks;
			sourceTree = "<group>";
		};
		5BFE37B0950EC9FD747B0D32 /* Pods */ = {
			isa = PBXGroup;
			children = (
				373D50D899FA56FF2E624944 /* Pods-EasyTextExample.debug.xcconfig */,
				DC6B7D690510883ED2C9CE58 /* Pods-EasyTextExample.release.xcconfig */,
			);
			name = Pods;
			path = Pods;
			sourceTree = "<group>";
		};
		BAC7CCB2231E1868008B416A = {
			isa = PBXGroup;
			children = (
				BAC7CCBD231E1868008B416A /* EasyTextExample */,
				BAC7CCBC231E1868008B416A /* Products */,
				5BFE37B0950EC9FD747B0D32 /* Pods */,
				3939BC6F57EDF0C480131B79 /* Frameworks */,
			);
			sourceTree = "<group>";
		};
		BAC7CCBC231E1868008B416A /* Products */ = {
			isa = PBXGroup;
			children = (
				BAC7CCBB231E1868008B416A /* EasyTextExample.app */,
			);
			name = Products;
			sourceTree = "<group>";
		};
		BAC7CCBD231E1868008B416A /* EasyTextExample */ = {
			isa = PBXGroup;
			children = (
				BAC7CCBE231E1868008B416A /* AppDelegate.swift */,
				BAC7CCC0231E1868008B416A /* ViewController.swift */,
				BAC7CCC2231E1868008B416A /* Main.storyboard */,
				BAC7CCC5231E186A008B416A /* Assets.xcassets */,
				BAC7CCC7231E186A008B416A /* LaunchScreen.storyboard */,
				BAC7CCCA231E186A008B416A /* Info.plist */,
			);
			path = EasyTextExample;
			sourceTree = "<group>";
		};
/* End PBXGroup section */

/* Begin PBXNativeTarget section */
		BAC7CCBA231E1868008B416A /* EasyTextExample */ = {
			isa = PBXNativeTarget;
			buildConfigurationList = BAC7CCCD231E186A008B416A /* Build configuration list for PBXNativeTarget "EasyTextExample" */;
			buildPhases = (
				22406042F62DB6AD8B6775FE /* [CP] Check Pods Manifest.lock */,
				BAC7CCB7231E1868008B416A /* Sources */,
				BAC7CCB8231E1868008B416A /* Frameworks */,
				BAC7CCB9231E1868008B416A /* Resources */,
				DBD32AE33F09800AECCBC676 /* [CP] Embed Pods Frameworks */,
			);
			buildRules = (
			);
			dependencies = (
			);
			name = EasyTextExample;
			productName = EasyTextExample;
			productReference = BAC7CCBB231E1868008B416A /* EasyTextExample.app */;
			productType = "com.apple.product-type.application";
		};
/* End PBXNativeTarget section */

/* Begin PBXProject section */
		BAC7CCB3231E1868008B416A /* Project object */ = {
			isa = PBXProject;
			attributes = {
				LastSwiftUpdateCheck = 1030;
				LastUpgradeCheck = 1030;
				ORGANIZATIONNAME = nemocdz;
				TargetAttributes = {
					BAC7CCBA231E1868008B416A = {
						CreatedOnToolsVersion = 10.3;
					};
				};
			};
			buildConfigurationList = BAC7CCB6231E1868008B416A /* Build configuration list for PBXProject "EasyTextExample" */;
			compatibilityVersion = "Xcode 9.3";
			developmentRegion = en;
			hasScannedForEncodings = 0;
			knownRegions = (
				en,
				Base,
			);
			mainGroup = BAC7CCB2231E1868008B416A;
			productRefGroup = BAC7CCBC231E1868008B416A /* Products */;
			projectDirPath = "";
			projectRoot = "";
			targets = (
				BAC7CCBA231E1868008B416A /* EasyTextExample */,
			);
		};
/* End PBXProject section */

/* Begin PBXResourcesBuildPhase section */
		BAC7CCB9231E1868008B416A /* Resources */ = {
			isa = PBXResourcesBuildPhase;
			buildActionMask = 2147483647;
			files = (
				BAC7CCC9231E186A008B416A /* LaunchScreen.storyboard in Resources */,
				BAC7CCC6231E186A008B416A /* Assets.xcassets in Resources */,
				BAC7CCC4231E1868008B416A /* Main.storyboard in Resources */,
			);
			runOnlyForDeploymentPostprocessing = 0;
		};
/* End PBXResourcesBuildPhase section */

/* Begin PBXShellScriptBuildPhase section */
		22406042F62DB6AD8B6775FE /* [CP] Check Pods Manifest.lock */ = {
			isa = PBXShellScriptBuildPhase;
			buildActionMask = 2147483647;
			files = (
			);
			inputFileListPaths = (
			);
			inputPaths = (
				"${PODS_PODFILE_DIR_PATH}/Podfile.lock",
				"${PODS_ROOT}/Manifest.lock",
			);
			name = "[CP] Check Pods Manifest.lock";
			outputFileListPaths = (
			);
			outputPaths = (
				"$(DERIVED_FILE_DIR)/Pods-EasyTextExample-checkManifestLockResult.txt",
			);
			runOnlyForDeploymentPostprocessing = 0;
			shellPath = /bin/sh;
			shellScript = "diff \"${PODS_PODFILE_DIR_PATH}/Podfile.lock\" \"${PODS_ROOT}/Manifest.lock\" > /dev/null\nif [ $? != 0 ] ; then\n    # print error to STDERR\n    echo \"error: The sandbox is not in sync with the Podfile.lock. Run 'pod install' or update your CocoaPods installation.\" >&2\n    exit 1\nfi\n# This output is used by Xcode 'outputs' to avoid re-running this script phase.\necho \"SUCCESS\" > \"${SCRIPT_OUTPUT_FILE_0}\"\n";
			showEnvVarsInLog = 0;
		};
		DBD32AE33F09800AECCBC676 /* [CP] Embed Pods Frameworks */ = {
			isa = PBXShellScriptBuildPhase;
			buildActionMask = 2147483647;
			files = (
			);
			inputFileListPaths = (
				"${PODS_ROOT}/Target Support Files/Pods-EasyTextExample/Pods-EasyTextExample-frameworks-${CONFIGURATION}-input-files.xcfilelist",
			);
			name = "[CP] Embed Pods Frameworks";
			outputFileListPaths = (
				"${PODS_ROOT}/Target Support Files/Pods-EasyTextExample/Pods-EasyTextExample-frameworks-${CONFIGURATION}-output-files.xcfilelist",
			);
			runOnlyForDeploymentPostprocessing = 0;
			shellPath = /bin/sh;
			shellScript = "\"${PODS_ROOT}/Target Support Files/Pods-EasyTextExample/Pods-EasyTextExample-frameworks.sh\"\n";
			showEnvVarsInLog = 0;
		};
/* End PBXShellScriptBuildPhase section */

/* Begin PBXSourcesBuildPhase section */
		BAC7CCB7231E1868008B416A /* Sources */ = {
			isa = PBXSourcesBuildPhase;
			buildActionMask = 2147483647;
			files = (
				BAC7CCC1231E1868008B416A /* ViewController.swift in Sources */,
				BAC7CCBF231E1868008B416A /* AppDelegate.swift in Sources */,
			);
			runOnlyForDeploymentPostprocessing = 0;
		};
/* End PBXSourcesBuildPhase section */

/* Begin PBXVariantGroup section */
		BAC7CCC2231E1868008B416A /* Main.storyboard */ = {
			isa = PBXVariantGroup;
			children = (
				BAC7CCC3231E1868008B416A /* Base */,
			);
			name = Main.storyboard;
			sourceTree = "<group>";
		};
		BAC7CCC7231E186A008B416A /* LaunchScreen.storyboard */ = {
			isa = PBXVariantGroup;
			children = (
				BAC7CCC8231E186A008B416A /* Base */,
			);
			name = LaunchScreen.storyboard;
			sourceTree = "<group>";
		};
/* End PBXVariantGroup section */

/* Begin XCBuildConfiguration section */
		BAC7CCCB231E186A008B416A /* Debug */ = {
			isa = XCBuildConfiguration;
			buildSettings = {
				ALWAYS_SEARCH_USER_PATHS = NO;
				CLANG_ANALYZER_NONNULL = YES;
				CLANG_ANALYZER_NUMBER_OBJECT_CONVERSION = YES_AGGRESSIVE;
				CLANG_CXX_LANGUAGE_STANDARD = "gnu++14";
				CLANG_CXX_LIBRARY = "libc++";
				CLANG_ENABLE_MODULES = YES;
				CLANG_ENABLE_OBJC_ARC = YES;
				CLANG_ENABLE_OBJC_WEAK = YES;
				CLANG_WARN_BLOCK_CAPTURE_AUTORELEASING = YES;
				CLANG_WARN_BOOL_CONVERSION = YES;
				CLANG_WARN_COMMA = YES;
				CLANG_WARN_CONSTANT_CONVERSION = YES;
				CLANG_WARN_DEPRECATED_OBJC_IMPLEMENTATIONS = YES;
				CLANG_WARN_DIRECT_OBJC_ISA_USAGE = YES_ERROR;
				CLANG_WARN_DOCUMENTATION_COMMENTS = YES;
				CLANG_WARN_EMPTY_BODY = YES;
				CLANG_WARN_ENUM_CONVERSION = YES;
				CLANG_WARN_INFINITE_RECURSION = YES;
				CLANG_WARN_INT_CONVERSION = YES;
				CLANG_WARN_NON_LITERAL_NULL_CONVERSION = YES;
				CLANG_WARN_OBJC_IMPLICIT_RETAIN_SELF = YES;
				CLANG_WARN_OBJC_LITERAL_CONVERSION = YES;
				CLANG_WARN_OBJC_ROOT_CLASS = YES_ERROR;
				CLANG_WARN_RANGE_LOOP_ANALYSIS = YES;
				CLANG_WARN_STRICT_PROTOTYPES = YES;
				CLANG_WARN_SUSPICIOUS_MOVE = YES;
				CLANG_WARN_UNGUARDED_AVAILABILITY = YES_AGGRESSIVE;
				CLANG_WARN_UNREACHABLE_CODE = YES;
				CLANG_WARN__DUPLICATE_METHOD_MATCH = YES;
				CODE_SIGN_IDENTITY = "iPhone Developer";
				COPY_PHASE_STRIP = NO;
				DEBUG_INFORMATION_FORMAT = dwarf;
				ENABLE_STRICT_OBJC_MSGSEND = YES;
				ENABLE_TESTABILITY = YES;
				GCC_C_LANGUAGE_STANDARD = gnu11;
				GCC_DYNAMIC_NO_PIC = NO;
				GCC_NO_COMMON_BLOCKS = YES;
				GCC_OPTIMIZATION_LEVEL = 0;
				GCC_PREPROCESSOR_DEFINITIONS = (
					"DEBUG=1",
					"$(inherited)",
				);
				GCC_WARN_64_TO_32_BIT_CONVERSION = YES;
				GCC_WARN_ABOUT_RETURN_TYPE = YES_ERROR;
				GCC_WARN_UNDECLARED_SELECTOR = YES;
				GCC_WARN_UNINITIALIZED_AUTOS = YES_AGGRESSIVE;
				GCC_WARN_UNUSED_FUNCTION = YES;
				GCC_WARN_UNUSED_VARIABLE = YES;
				IPHONEOS_DEPLOYMENT_TARGET = 12.4;
				MTL_ENABLE_DEBUG_INFO = INCLUDE_SOURCE;
				MTL_FAST_MATH = YES;
				ONLY_ACTIVE_ARCH = YES;
				SDKROOT = iphoneos;
				SWIFT_ACTIVE_COMPILATION_CONDITIONS = DEBUG;
				SWIFT_OPTIMIZATION_LEVEL = "-Onone";
			};
			name = Debug;
		};
		BAC7CCCC231E186A008B416A /* Release */ = {
			isa = XCBuildConfiguration;
			buildSettings = {
				ALWAYS_SEARCH_USER_PATHS = NO;
				CLANG_ANALYZER_NONNULL = YES;
				CLANG_ANALYZER_NUMBER_OBJECT_CONVERSION = YES_AGGRESSIVE;
				CLANG_CXX_LANGUAGE_STANDARD = "gnu++14";
				CLANG_CXX_LIBRARY = "libc++";
				CLANG_ENABLE_MODULES = YES;
				CLANG_ENABLE_OBJC_ARC = YES;
				CLANG_ENABLE_OBJC_WEAK = YES;
				CLANG_WARN_BLOCK_CAPTURE_AUTORELEASING = YES;
				CLANG_WARN_BOOL_CONVERSION = YES;
				CLANG_WARN_COMMA = YES;
				CLANG_WARN_CONSTANT_CONVERSION = YES;
				CLANG_WARN_DEPRECATED_OBJC_IMPLEMENTATIONS = YES;
				CLANG_WARN_DIRECT_OBJC_ISA_USAGE = YES_ERROR;
				CLANG_WARN_DOCUMENTATION_COMMENTS = YES;
				CLANG_WARN_EMPTY_BODY = YES;
				CLANG_WARN_ENUM_CONVERSION = YES;
				CLANG_WARN_INFINITE_RECURSION = YES;
				CLANG_WARN_INT_CONVERSION = YES;
				CLANG_WARN_NON_LITERAL_NULL_CONVERSION = YES;
				CLANG_WARN_OBJC_IMPLICIT_RETAIN_SELF = YES;
				CLANG_WARN_OBJC_LITERAL_CONVERSION = YES;
				CLANG_WARN_OBJC_ROOT_CLASS = YES_ERROR;
				CLANG_WARN_RANGE_LOOP_ANALYSIS = YES;
				CLANG_WARN_STRICT_PROTOTYPES = YES;
				CLANG_WARN_SUSPICIOUS_MOVE = YES;
				CLANG_WARN_UNGUARDED_AVAILABILITY = YES_AGGRESSIVE;
				CLANG_WARN_UNREACHABLE_CODE = YES;
				CLANG_WARN__DUPLICATE_METHOD_MATCH = YES;
				CODE_SIGN_IDENTITY = "iPhone Developer";
				COPY_PHASE_STRIP = NO;
				DEBUG_INFORMATION_FORMAT = "dwarf-with-dsym";
				ENABLE_NS_ASSERTIONS = NO;
				ENABLE_STRICT_OBJC_MSGSEND = YES;
				GCC_C_LANGUAGE_STANDARD = gnu11;
				GCC_NO_COMMON_BLOCKS = YES;
				GCC_WARN_64_TO_32_BIT_CONVERSION = YES;
				GCC_WARN_ABOUT_RETURN_TYPE = YES_ERROR;
				GCC_WARN_UNDECLARED_SELECTOR = YES;
				GCC_WARN_UNINITIALIZED_AUTOS = YES_AGGRESSIVE;
				GCC_WARN_UNUSED_FUNCTION = YES;
				GCC_WARN_UNUSED_VARIABLE = YES;
				IPHONEOS_DEPLOYMENT_TARGET = 12.4;
				MTL_ENABLE_DEBUG_INFO = NO;
				MTL_FAST_MATH = YES;
				SDKROOT = iphoneos;
				SWIFT_COMPILATION_MODE = wholemodule;
				SWIFT_OPTIMIZATION_LEVEL = "-O";
				VALIDATE_PRODUCT = YES;
			};
			name = Release;
		};
		BAC7CCCE231E186A008B416A /* Debug */ = {
			isa = XCBuildConfiguration;
			baseConfigurationReference = 373D50D899FA56FF2E624944 /* Pods-EasyTextExample.debug.xcconfig */;
			buildSettings = {
				ASSETCATALOG_COMPILER_APPICON_NAME = AppIcon;
				CODE_SIGN_STYLE = Automatic;
				INFOPLIST_FILE = EasyTextExample/Info.plist;
				LD_RUNPATH_SEARCH_PATHS = (
					"$(inherited)",
					"@executable_path/Frameworks",
				);
				PRODUCT_BUNDLE_IDENTIFIER = com.nemocdz.EasyTextExample;
				PRODUCT_NAME = "$(TARGET_NAME)";
				SWIFT_VERSION = 5.0;
				TARGETED_DEVICE_FAMILY = "1,2";
			};
			name = Debug;
		};
		BAC7CCCF231E186A008B416A /* Release */ = {
			isa = XCBuildConfiguration;
			baseConfigurationReference = DC6B7D690510883ED2C9CE58 /* Pods-EasyTextExample.release.xcconfig */;
			buildSettings = {
				ASSETCATALOG_COMPILER_APPICON_NAME = AppIcon;
				CODE_SIGN_STYLE = Automatic;
				INFOPLIST_FILE = EasyTextExample/Info.plist;
				LD_RUNPATH_SEARCH_PATHS = (
					"$(inherited)",
					"@executable_path/Frameworks",
				);
				PRODUCT_BUNDLE_IDENTIFIER = com.nemocdz.EasyTextExample;
				PRODUCT_NAME = "$(TARGET_NAME)";
				SWIFT_VERSION = 5.0;
				TARGETED_DEVICE_FAMILY = "1,2";
			};
			name = Release;
		};
/* End XCBuildConfiguration section */

/* Begin XCConfigurationList section */
		BAC7CCB6231E1868008B416A /* Build configuration list for PBXProject "EasyTextExample" */ = {
			isa = XCConfigurationList;
			buildConfigurations = (
				BAC7CCCB231E186A008B416A /* Debug */,
				BAC7CCCC231E186A008B416A /* Release */,
			);
			defaultConfigurationIsVisible = 0;
			defaultConfigurationName = Release;
		};
		BAC7CCCD231E186A008B416A /* Build configuration list for PBXNativeTarget "EasyTextExample" */ = {
			isa = XCConfigurationList;
			buildConfigurations = (
				BAC7CCCE231E186A008B416A /* Debug */,
				BAC7CCCF231E186A008B416A /* Release */,
			);
			defaultConfigurationIsVisible = 0;
			defaultConfigurationName = Release;
		};
/* End XCConfigurationList section */
	};
	rootObject = BAC7CCB3231E1868008B416A /* Project object */;
}
