// !$*UTF8*$!
{
	archiveVersion = 1;
	classes = {
	};
	objectVersion = 50;
	objects = {

/* Begin PBXBuildFile section */
		BA304495231E210900BC7F10 /* EasyText.h in Headers */ = {isa = PBXBuildFile; fileRef = BA304493231E210900BC7F10 /* EasyText.h */; settings = {ATTRIBUTES = (Public, ); }; };
		BA3044A6231E217A00BC7F10 /* EasyText.swift in Sources */ = {isa = PBXBuildFile; fileRef = BAC7CC9E231E154C008B416A /* EasyText.swift */; };
		BAC7CC8E231E150F008B416A /* EasyText.framework in Frameworks */ = {isa = PBXBuildFile; fileRef = BAC7CC84231E150F008B416A /* EasyText.framework */; };
		BAC7CC93231E150F008B416A /* EasyTextTests.swift in Sources */ = {isa = PBXBuildFile; fileRef = BAC7CC92231E150F008B416A /* EasyTextTests.swift */; };
		BAC7CC95231E150F008B416A /* EasyText.h in Headers */ = {isa = PBXBuildFile; fileRef = BAC7CC87231E150F008B416A /* EasyText.h */; settings = {ATTRIBUTES = (Public, ); }; };
		BAC7CC9F231E154C008B416A /* EasyText.swift in Sources */ = {isa = PBXBuildFile; fileRef = BAC7CC9E231E154C008B416A /* EasyText.swift */; };
/* End PBXBuildFile section */

/* Begin PBXContainerItemProxy section */
		BAC7CC8F231E150F008B416A /* PBXContainerItemProxy */ = {
			isa = PBXContainerItemProxy;
			containerPortal = BAC7CC7B231E150F008B416A /* Project object */;
			proxyType = 1;
			remoteGlobalIDString = BAC7CC83231E150F008B416A;
			remoteInfo = EasyText;
		};
/* End PBXContainerItemProxy section */

/* Begin PBXFileReference section */
		BA304491231E210800BC7F10 /* EasyText.framework */ = {isa = PBXFileReference; explicitFileType = wrapper.framework; includeInIndex = 0; path = EasyText.framework; sourceTree = BUILT_PRODUCTS_DIR; };
		BA304493231E210900BC7F10 /* EasyText.h */ = {isa = PBXFileReference; lastKnownFileType = sourcecode.c.h; path = EasyText.h; sourceTree = "<group>"; };
		BA304494231E210900BC7F10 /* Info.plist */ = {isa = PBXFileReference; lastKnownFileType = text.plist.xml; path = Info.plist; sourceTree = "<group>"; };
		BA3044A0231E213100BC7F10 /* EasyText_WatchOS.h */ = {isa = PBXFileReference; lastKnownFileType = sourcecode.c.h; path = EasyText_WatchOS.h; sourceTree = "<group>"; };
		BA3044A1231E213100BC7F10 /* Info.plist */ = {isa = PBXFileReference; lastKnownFileType = text.plist.xml; path = Info.plist; sourceTree = "<group>"; };
		BAC7CC84231E150F008B416A /* EasyText.framework */ = {isa = PBXFileReference; explicitFileType = wrapper.framework; includeInIndex = 0; path = EasyText.framework; sourceTree = BUILT_PRODUCTS_DIR; };
		BAC7CC87231E150F008B416A /* EasyText.h */ = {isa = PBXFileReference; lastKnownFileType = sourcecode.c.h; path = EasyText.h; sourceTree = "<group>"; };
		BAC7CC88231E150F008B416A /* Info.plist */ = {isa = PBXFileReference; lastKnownFileType = text.plist.xml; path = Info.plist; sourceTree = "<group>"; };
		BAC7CC8D231E150F008B416A /* EasyTextTests.xctest */ = {isa = PBXFileReference; explicitFileType = wrapper.cfbundle; includeInIndex = 0; path = EasyTextTests.xctest; sourceTree = BUILT_PRODUCTS_DIR; };
		BAC7CC92231E150F008B416A /* EasyTextTests.swift */ = {isa = PBXFileReference; lastKnownFileType = sourcecode.swift; path = EasyTextTests.swift; sourceTree = "<group>"; };
		BAC7CC94231E150F008B416A /* Info.plist */ = {isa = PBXFileReference; lastKnownFileType = text.plist.xml; path = Info.plist; sourceTree = "<group>"; };
		BAC7CC9E231E154C008B416A /* EasyText.swift */ = {isa = PBXFileReference; fileEncoding = 4; lastKnownFileType = sourcecode.swift; path = EasyText.swift; sourceTree = "<group>"; };
/* End PBXFileReference section */

/* Begin PBXFrameworksBuildPhase section */
		BA30448E231E210800BC7F10 /* Frameworks */ = {
			isa = PBXFrameworksBuildPhase;
			buildActionMask = 2147483647;
			files = (
			);
			runOnlyForDeploymentPostprocessing = 0;
		};
		BAC7CC81231E150F008B416A /* Frameworks */ = {
			isa = PBXFrameworksBuildPhase;
			buildActionMask = 2147483647;
			files = (
			);
			runOnlyForDeploymentPostprocessing = 0;
		};
		BAC7CC8A231E150F008B416A /* Frameworks */ = {
			isa = PBXFrameworksBuildPhase;
			buildActionMask = 2147483647;
			files = (
				BAC7CC8E231E150F008B416A /* EasyText.framework in Frameworks */,
			);
			runOnlyForDeploymentPostprocessing = 0;
		};
/* End PBXFrameworksBuildPhase section */

/* Begin PBXGroup section */
		BA304492231E210800BC7F10 /* EasyText */ = {
			isa = PBXGroup;
			children = (
				BA304493231E210900BC7F10 /* EasyText.h */,
				BA304494231E210900BC7F10 /* Info.plist */,
			);
			path = EasyText;
			sourceTree = "<group>";
		};
		BA30449F231E213100BC7F10 /* EasyText-WatchOS */ = {
			isa = PBXGroup;
			children = (
				BA3044A0231E213100BC7F10 /* EasyText_WatchOS.h */,
				BA3044A1231E213100BC7F10 /* Info.plist */,
			);
			path = "EasyText-WatchOS";
			sourceTree = "<group>";
		};
		BAC7CC7A231E150F008B416A = {
			isa = PBXGroup;
			children = (
				BAC7CC86231E150F008B416A /* EasyText */,
				BAC7CC91231E150F008B416A /* EasyTextTests */,
				BA304492231E210800BC7F10 /* EasyText */,
				BA30449F231E213100BC7F10 /* EasyText-WatchOS */,
				BAC7CC85231E150F008B416A /* Products */,
			);
			sourceTree = "<group>";
		};
		BAC7CC85231E150F008B416A /* Products */ = {
			isa = PBXGroup;
			children = (
				BAC7CC84231E150F008B416A /* EasyText.framework */,
				BAC7CC8D231E150F008B416A /* EasyTextTests.xctest */,
				BA304491231E210800BC7F10 /* EasyText.framework */,
			);
			name = Products;
			sourceTree = "<group>";
		};
		BAC7CC86231E150F008B416A /* EasyText */ = {
			isa = PBXGroup;
			children = (
				BAC7CC87231E150F008B416A /* EasyText.h */,
				BAC7CC9E231E154C008B416A /* EasyText.swift */,
				BAC7CC88231E150F008B416A /* Info.plist */,
			);
			path = EasyText;
			sourceTree = "<group>";
		};
		BAC7CC91231E150F008B416A /* EasyTextTests */ = {
			isa = PBXGroup;
			children = (
				BAC7CC92231E150F008B416A /* EasyTextTests.swift */,
				BAC7CC94231E150F008B416A /* Info.plist */,
			);
			path = EasyTextTests;
			sourceTree = "<group>";
		};
/* End PBXGroup section */

/* Begin PBXHeadersBuildPhase section */
		BA30448C231E210800BC7F10 /* Headers */ = {
			isa = PBXHeadersBuildPhase;
			buildActionMask = 2147483647;
			files = (
				BA304495231E210900BC7F10 /* EasyText.h in Headers */,
			);
			runOnlyForDeploymentPostprocessing = 0;
		};
		BAC7CC7F231E150F008B416A /* Headers */ = {
			isa = PBXHeadersBuildPhase;
			buildActionMask = 2147483647;
			files = (
				BAC7CC95231E150F008B416A /* EasyText.h in Headers */,
			);
			runOnlyForDeploymentPostprocessing = 0;
		};
/* End PBXHeadersBuildPhase section */

/* Begin PBXNativeTarget section */
		BA304490231E210800BC7F10 /* EasyText-macOS */ = {
			isa = PBXNativeTarget;
			buildConfigurationList = BA304496231E210900BC7F10 /* Build configuration list for PBXNativeTarget "EasyText-macOS" */;
			buildPhases = (
				BA30448C231E210800BC7F10 /* Headers */,
				BA30448D231E210800BC7F10 /* Sources */,
				BA30448E231E210800BC7F10 /* Frameworks */,
				BA30448F231E210800BC7F10 /* Resources */,
			);
			buildRules = (
			);
			dependencies = (
			);
			name = "EasyText-macOS";
			productName = EasyText;
			productReference = BA304491231E210800BC7F10 /* EasyText.framework */;
			productType = "com.apple.product-type.framework";
		};
		BAC7CC83231E150F008B416A /* EasyText-iOS */ = {
			isa = PBXNativeTarget;
			buildConfigurationList = BAC7CC98231E150F008B416A /* Build configuration list for PBXNativeTarget "EasyText-iOS" */;
			buildPhases = (
				BAC7CC7F231E150F008B416A /* Headers */,
				BAC7CC80231E150F008B416A /* Sources */,
				BAC7CC81231E150F008B416A /* Frameworks */,
				BAC7CC82231E150F008B416A /* Resources */,
			);
			buildRules = (
			);
			dependencies = (
			);
			name = "EasyText-iOS";
			productName = EasyText;
			productReference = BAC7CC84231E150F008B416A /* EasyText.framework */;
			productType = "com.apple.product-type.framework";
		};
		BAC7CC8C231E150F008B416A /* EasyTextTests */ = {
			isa = PBXNativeTarget;
			buildConfigurationList = BAC7CC9B231E150F008B416A /* Build configuration list for PBXNativeTarget "EasyTextTests" */;
			buildPhases = (
				BAC7CC89231E150F008B416A /* Sources */,
				BAC7CC8A231E150F008B416A /* Frameworks */,
				BAC7CC8B231E150F008B416A /* Resources */,
			);
			buildRules = (
			);
			dependencies = (
				BAC7CC90231E150F008B416A /* PBXTargetDependency */,
			);
			name = EasyTextTests;
			productName = EasyTextTests;
			productReference = BAC7CC8D231E150F008B416A /* EasyTextTests.xctest */;
			productType = "com.apple.product-type.bundle.unit-test";
		};
/* End PBXNativeTarget section */

/* Begin PBXProject section */
		BAC7CC7B231E150F008B416A /* Project object */ = {
			isa = PBXProject;
			attributes = {
				LastSwiftUpdateCheck = 1030;
				LastUpgradeCheck = 1030;
				ORGANIZATIONNAME = nemocdz;
				TargetAttributes = {
					BA304490231E210800BC7F10 = {
						CreatedOnToolsVersion = 10.3;
					};
					BAC7CC83231E150F008B416A = {
						CreatedOnToolsVersion = 10.3;
						LastSwiftMigration = 1030;
					};
					BAC7CC8C231E150F008B416A = {
						CreatedOnToolsVersion = 10.3;
					};
				};
			};
			buildConfigurationList = BAC7CC7E231E150F008B416A /* Build configuration list for PBXProject "EasyText" */;
			compatibilityVersion = "Xcode 9.3";
			developmentRegion = en;
			hasScannedForEncodings = 0;
			knownRegions = (
				en,
			);
			mainGroup = BAC7CC7A231E150F008B416A;
			productRefGroup = BAC7CC85231E150F008B416A /* Products */;
			projectDirPath = "";
			projectRoot = "";
			targets = (
				BAC7CC83231E150F008B416A /* EasyText-iOS */,
				BA304490231E210800BC7F10 /* EasyText-macOS */,
				BAC7CC8C231E150F008B416A /* EasyTextTests */,
			);
		};
/* End PBXProject section */

/* Begin PBXResourcesBuildPhase section */
		BA30448F231E210800BC7F10 /* Resources */ = {
			isa = PBXResourcesBuildPhase;
			buildActionMask = 2147483647;
			files = (
			);
			runOnlyForDeploymentPostprocessing = 0;
		};
		BAC7CC82231E150F008B416A /* Resources */ = {
			isa = PBXResourcesBuildPhase;
			buildActionMask = 2147483647;
			files = (
			);
			runOnlyForDeploymentPostprocessing = 0;
		};
		BAC7CC8B231E150F008B416A /* Resources */ = {
			isa = PBXResourcesBuildPhase;
			buildActionMask = 2147483647;
			files = (
			);
			runOnlyForDeploymentPostprocessing = 0;
		};
/* End PBXResourcesBuildPhase section */

/* Begin PBXSourcesBuildPhase section */
		BA30448D231E210800BC7F10 /* Sources */ = {
			isa = PBXSourcesBuildPhase;
			buildActionMask = 2147483647;
			files = (
				BA3044A6231E217A00BC7F10 /* EasyText.swift in Sources */,
			);
			runOnlyForDeploymentPostprocessing = 0;
		};
		BAC7CC80231E150F008B416A /* Sources */ = {
			isa = PBXSourcesBuildPhase;
			buildActionMask = 2147483647;
			files = (
				BAC7CC9F231E154C008B416A /* EasyText.swift in Sources */,
			);
			runOnlyForDeploymentPostprocessing = 0;
		};
		BAC7CC89231E150F008B416A /* Sources */ = {
			isa = PBXSourcesBuildPhase;
			buildActionMask = 2147483647;
			files = (
				BAC7CC93231E150F008B416A /* EasyTextTests.swift in Sources */,
			);
			runOnlyForDeploymentPostprocessing = 0;
		};
/* End PBXSourcesBuildPhase section */

/* Begin PBXTargetDependency section */
		BAC7CC90231E150F008B416A /* PBXTargetDependency */ = {
			isa = PBXTargetDependency;
			target = BAC7CC83231E150F008B416A /* EasyText-iOS */;
			targetProxy = BAC7CC8F231E150F008B416A /* PBXContainerItemProxy */;
		};
/* End PBXTargetDependency section */

/* Begin XCBuildConfiguration section */
		BA304497231E210900BC7F10 /* Debug */ = {
			isa = XCBuildConfiguration;
			buildSettings = {
				CODE_SIGN_IDENTITY = "-";
				CODE_SIGN_STYLE = Automatic;
				COMBINE_HIDPI_IMAGES = YES;
				DEFINES_MODULE = YES;
				DYLIB_COMPATIBILITY_VERSION = 1;
				DYLIB_CURRENT_VERSION = 1;
				DYLIB_INSTALL_NAME_BASE = "@rpath";
				FRAMEWORK_VERSION = A;
				INFOPLIST_FILE = EasyText/Info.plist;
				INSTALL_PATH = "$(LOCAL_LIBRARY_DIR)/Frameworks";
				LD_RUNPATH_SEARCH_PATHS = (
					"$(inherited)",
					"@executable_path/../Frameworks",
					"@loader_path/Frameworks",
				);
				MACOSX_DEPLOYMENT_TARGET = 10.11;
				PRODUCT_BUNDLE_IDENTIFIER = com.nemocdz.EasyText;
				PRODUCT_NAME = EasyText;
				SDKROOT = macosx;
				SKIP_INSTALL = YES;
				SWIFT_VERSION = 5.0;
			};
			name = Debug;
		};
		BA304498231E210900BC7F10 /* Release */ = {
			isa = XCBuildConfiguration;
			buildSettings = {
				CODE_SIGN_IDENTITY = "-";
				CODE_SIGN_STYLE = Automatic;
				COMBINE_HIDPI_IMAGES = YES;
				DEFINES_MODULE = YES;
				DYLIB_COMPATIBILITY_VERSION = 1;
				DYLIB_CURRENT_VERSION = 1;
				DYLIB_INSTALL_NAME_BASE = "@rpath";
				FRAMEWORK_VERSION = A;
				INFOPLIST_FILE = EasyText/Info.plist;
				INSTALL_PATH = "$(LOCAL_LIBRARY_DIR)/Frameworks";
				LD_RUNPATH_SEARCH_PATHS = (
					"$(inherited)",
					"@executable_path/../Frameworks",
					"@loader_path/Frameworks",
				);
				MACOSX_DEPLOYMENT_TARGET = 10.11;
				PRODUCT_BUNDLE_IDENTIFIER = com.nemocdz.EasyText;
				PRODUCT_NAME = EasyText;
				SDKROOT = macosx;
				SKIP_INSTALL = YES;
				SWIFT_VERSION = 5.0;
			};
			name = Release;
		};
		BAC7CC96231E150F008B416A /* Debug */ = {
			isa = XCBuildConfiguration;
			buildSettings = {
				ALWAYS_SEARCH_USER_PATHS = NO;
				CLANG_ANALYZER_NONNULL = YES;
				CLANG_ANALYZER_NUMBER_OBJECT_CONVERSION = YES_AGGRESSIVE;
				CLANG_CXX_LANGUAGE_STANDARD = "gnu++14";
				CLANG_CXX_LIBRARY = "libc++";
				CLANG_ENABLE_MODULES = YES;
				CLANG_ENABLE_OBJC_ARC = YES;
				CLANG_ENABLE_OBJC_WEAK = YES;
				CLANG_WARN_BLOCK_CAPTURE_AUTORELEASING = YES;
				CLANG_WARN_BOOL_CONVERSION = YES;
				CLANG_WARN_COMMA = YES;
				CLANG_WARN_CONSTANT_CONVERSION = YES;
				CLANG_WARN_DEPRECATED_OBJC_IMPLEMENTATIONS = YES;
				CLANG_WARN_DIRECT_OBJC_ISA_USAGE = YES_ERROR;
				CLANG_WARN_DOCUMENTATION_COMMENTS = YES;
				CLANG_WARN_EMPTY_BODY = YES;
				CLANG_WARN_ENUM_CONVERSION = YES;
				CLANG_WARN_INFINITE_RECURSION = YES;
				CLANG_WARN_INT_CONVERSION = YES;
				CLANG_WARN_NON_LITERAL_NULL_CONVERSION = YES;
				CLANG_WARN_OBJC_IMPLICIT_RETAIN_SELF = YES;
				CLANG_WARN_OBJC_LITERAL_CONVERSION = YES;
				CLANG_WARN_OBJC_ROOT_CLASS = YES_ERROR;
				CLANG_WARN_RANGE_LOOP_ANALYSIS = YES;
				CLANG_WARN_STRICT_PROTOTYPES = YES;
				CLANG_WARN_SUSPICIOUS_MOVE = YES;
				CLANG_WARN_UNGUARDED_AVAILABILITY = YES_AGGRESSIVE;
				CLANG_WARN_UNREACHABLE_CODE = YES;
				CLANG_WARN__DUPLICATE_METHOD_MATCH = YES;
				CODE_SIGN_IDENTITY = "iPhone Developer";
				COPY_PHASE_STRIP = NO;
				CURRENT_PROJECT_VERSION = 1;
				DEBUG_INFORMATION_FORMAT = dwarf;
				ENABLE_STRICT_OBJC_MSGSEND = YES;
				ENABLE_TESTABILITY = YES;
				GCC_C_LANGUAGE_STANDARD = gnu11;
				GCC_DYNAMIC_NO_PIC = NO;
				GCC_NO_COMMON_BLOCKS = YES;
				GCC_OPTIMIZATION_LEVEL = 0;
				GCC_PREPROCESSOR_DEFINITIONS = (
					"DEBUG=1",
					"$(inherited)",
				);
				GCC_WARN_64_TO_32_BIT_CONVERSION = YES;
				GCC_WARN_ABOUT_RETURN_TYPE = YES_ERROR;
				GCC_WARN_UNDECLARED_SELECTOR = YES;
				GCC_WARN_UNINITIALIZED_AUTOS = YES_AGGRESSIVE;
				GCC_WARN_UNUSED_FUNCTION = YES;
				GCC_WARN_UNUSED_VARIABLE = YES;
				IPHONEOS_DEPLOYMENT_TARGET = 12.4;
				MTL_ENABLE_DEBUG_INFO = INCLUDE_SOURCE;
				MTL_FAST_MATH = YES;
				ONLY_ACTIVE_ARCH = YES;
				SDKROOT = iphoneos;
				SWIFT_ACTIVE_COMPILATION_CONDITIONS = DEBUG;
				SWIFT_OPTIMIZATION_LEVEL = "-Onone";
				VERSIONING_SYSTEM = "apple-generic";
				VERSION_INFO_PREFIX = "";
			};
			name = Debug;
		};
		BAC7CC97231E150F008B416A /* Release */ = {
			isa = XCBuildConfiguration;
			buildSettings = {
				ALWAYS_SEARCH_USER_PATHS = NO;
				CLANG_ANALYZER_NONNULL = YES;
				CLANG_ANALYZER_NUMBER_OBJECT_CONVERSION = YES_AGGRESSIVE;
				CLANG_CXX_LANGUAGE_STANDARD = "gnu++14";
				CLANG_CXX_LIBRARY = "libc++";
				CLANG_ENABLE_MODULES = YES;
				CLANG_ENABLE_OBJC_ARC = YES;
				CLANG_ENABLE_OBJC_WEAK = YES;
				CLANG_WARN_BLOCK_CAPTURE_AUTORELEASING = YES;
				CLANG_WARN_BOOL_CONVERSION = YES;
				CLANG_WARN_COMMA = YES;
				CLANG_WARN_CONSTANT_CONVERSION = YES;
				CLANG_WARN_DEPRECATED_OBJC_IMPLEMENTATIONS = YES;
				CLANG_WARN_DIRECT_OBJC_ISA_USAGE = YES_ERROR;
				CLANG_WARN_DOCUMENTATION_COMMENTS = YES;
				CLANG_WARN_EMPTY_BODY = YES;
				CLANG_WARN_ENUM_CONVERSION = YES;
				CLANG_WARN_INFINITE_RECURSION = YES;
				CLANG_WARN_INT_CONVERSION = YES;
				CLANG_WARN_NON_LITERAL_NULL_CONVERSION = YES;
				CLANG_WARN_OBJC_IMPLICIT_RETAIN_SELF = YES;
				CLANG_WARN_OBJC_LITERAL_CONVERSION = YES;
				CLANG_WARN_OBJC_ROOT_CLASS = YES_ERROR;
				CLANG_WARN_RANGE_LOOP_ANALYSIS = YES;
				CLANG_WARN_STRICT_PROTOTYPES = YES;
				CLANG_WARN_SUSPICIOUS_MOVE = YES;
				CLANG_WARN_UNGUARDED_AVAILABILITY = YES_AGGRESSIVE;
				CLANG_WARN_UNREACHABLE_CODE = YES;
				CLANG_WARN__DUPLICATE_METHOD_MATCH = YES;
				CODE_SIGN_IDENTITY = "iPhone Developer";
				COPY_PHASE_STRIP = NO;
				CURRENT_PROJECT_VERSION = 1;
				DEBUG_INFORMATION_FORMAT = "dwarf-with-dsym";
				ENABLE_NS_ASSERTIONS = NO;
				ENABLE_STRICT_OBJC_MSGSEND = YES;
				GCC_C_LANGUAGE_STANDARD = gnu11;
				GCC_NO_COMMON_BLOCKS = YES;
				GCC_WARN_64_TO_32_BIT_CONVERSION = YES;
				GCC_WARN_ABOUT_RETURN_TYPE = YES_ERROR;
				GCC_WARN_UNDECLARED_SELECTOR = YES;
				GCC_WARN_UNINITIALIZED_AUTOS = YES_AGGRESSIVE;
				GCC_WARN_UNUSED_FUNCTION = YES;
				GCC_WARN_UNUSED_VARIABLE = YES;
				IPHONEOS_DEPLOYMENT_TARGET = 12.4;
				MTL_ENABLE_DEBUG_INFO = NO;
				MTL_FAST_MATH = YES;
				SDKROOT = iphoneos;
				SWIFT_COMPILATION_MODE = wholemodule;
				SWIFT_OPTIMIZATION_LEVEL = "-O";
				VALIDATE_PRODUCT = YES;
				VERSIONING_SYSTEM = "apple-generic";
				VERSION_INFO_PREFIX = "";
			};
			name = Release;
		};
		BAC7CC99231E150F008B416A /* Debug */ = {
			isa = XCBuildConfiguration;
			buildSettings = {
				CLANG_ENABLE_MODULES = YES;
				CODE_SIGN_IDENTITY = "";
				CODE_SIGN_STYLE = Automatic;
				DEFINES_MODULE = YES;
				DYLIB_COMPATIBILITY_VERSION = 1;
				DYLIB_CURRENT_VERSION = 1;
				DYLIB_INSTALL_NAME_BASE = "@rpath";
				INFOPLIST_FILE = EasyText/Info.plist;
				INSTALL_PATH = "$(LOCAL_LIBRARY_DIR)/Frameworks";
				IPHONEOS_DEPLOYMENT_TARGET = 9.0;
				LD_RUNPATH_SEARCH_PATHS = (
					"$(inherited)",
					"@executable_path/Frameworks",
					"@loader_path/Frameworks",
				);
				PRODUCT_BUNDLE_IDENTIFIER = com.nemocdz.EasyText;
				PRODUCT_NAME = EasyText;
				SKIP_INSTALL = YES;
				SUPPORTED_PLATFORMS = "iphonesimulator iphoneos";
				SWIFT_OPTIMIZATION_LEVEL = "-Onone";
				SWIFT_VERSION = 5.0;
				TARGETED_DEVICE_FAMILY = "1,2";
			};
			name = Debug;
		};
		BAC7CC9A231E150F008B416A /* Release */ = {
			isa = XCBuildConfiguration;
			buildSettings = {
				CLANG_ENABLE_MODULES = YES;
				CODE_SIGN_IDENTITY = "";
				CODE_SIGN_STYLE = Automatic;
				DEFINES_MODULE = YES;
				DYLIB_COMPATIBILITY_VERSION = 1;
				DYLIB_CURRENT_VERSION = 1;
				DYLIB_INSTALL_NAME_BASE = "@rpath";
				INFOPLIST_FILE = EasyText/Info.plist;
				INSTALL_PATH = "$(LOCAL_LIBRARY_DIR)/Frameworks";
				IPHONEOS_DEPLOYMENT_TARGET = 9.0;
				LD_RUNPATH_SEARCH_PATHS = (
					"$(inherited)",
					"@executable_path/Frameworks",
					"@loader_path/Frameworks",
				);
				PRODUCT_BUNDLE_IDENTIFIER = com.nemocdz.EasyText;
				PRODUCT_NAME = EasyText;
				SKIP_INSTALL = YES;
				SUPPORTED_PLATFORMS = "iphonesimulator iphoneos";
				SWIFT_VERSION = 5.0;
				TARGETED_DEVICE_FAMILY = "1,2";
			};
			name = Release;
		};
		BAC7CC9C231E150F008B416A /* Debug */ = {
			isa = XCBuildConfiguration;
			buildSettings = {
				ALWAYS_EMBED_SWIFT_STANDARD_LIBRARIES = YES;
				CODE_SIGN_STYLE = Automatic;
				INFOPLIST_FILE = EasyTextTests/Info.plist;
				LD_RUNPATH_SEARCH_PATHS = (
					"$(inherited)",
					"@executable_path/Frameworks",
					"@loader_path/Frameworks",
				);
				PRODUCT_BUNDLE_IDENTIFIER = com.nemocdz.EasyTextTests;
				PRODUCT_NAME = "$(TARGET_NAME)";
				SWIFT_VERSION = 5.0;
				TARGETED_DEVICE_FAMILY = "1,2";
			};
			name = Debug;
		};
		BAC7CC9D231E150F008B416A /* Release */ = {
			isa = XCBuildConfiguration;
			buildSettings = {
				ALWAYS_EMBED_SWIFT_STANDARD_LIBRARIES = YES;
				CODE_SIGN_STYLE = Automatic;
				INFOPLIST_FILE = EasyTextTests/Info.plist;
				LD_RUNPATH_SEARCH_PATHS = (
					"$(inherited)",
					"@executable_path/Frameworks",
					"@loader_path/Frameworks",
				);
				PRODUCT_BUNDLE_IDENTIFIER = com.nemocdz.EasyTextTests;
				PRODUCT_NAME = "$(TARGET_NAME)";
				SWIFT_VERSION = 5.0;
				TARGETED_DEVICE_FAMILY = "1,2";
			};
			name = Release;
		};
/* End XCBuildConfiguration section */

/* Begin XCConfigurationList section */
		BA304496231E210900BC7F10 /* Build configuration list for PBXNativeTarget "EasyText-macOS" */ = {
			isa = XCConfigurationList;
			buildConfigurations = (
				BA304497231E210900BC7F10 /* Debug */,
				BA304498231E210900BC7F10 /* Release */,
			);
			defaultConfigurationIsVisible = 0;
			defaultConfigurationName = Release;
		};
		BAC7CC7E231E150F008B416A /* Build configuration list for PBXProject "EasyText" */ = {
			isa = XCConfigurationList;
			buildConfigurations = (
				BAC7CC96231E150F008B416A /* Debug */,
				BAC7CC97231E150F008B416A /* Release */,
			);
			defaultConfigurationIsVisible = 0;
			defaultConfigurationName = Release;
		};
		BAC7CC98231E150F008B416A /* Build configuration list for PBXNativeTarget "EasyText-iOS" */ = {
			isa = XCConfigurationList;
			buildConfigurations = (
				BAC7CC99231E150F008B416A /* Debug */,
				BAC7CC9A231E150F008B416A /* Release */,
			);
			defaultConfigurationIsVisible = 0;
			defaultConfigurationName = Release;
		};
		BAC7CC9B231E150F008B416A /* Build configuration list for PBXNativeTarget "EasyTextTests" */ = {
			isa = XCConfigurationList;
			buildConfigurations = (
				BAC7CC9C231E150F008B416A /* Debug */,
				BAC7CC9D231E150F008B416A /* Release */,
			);
			defaultConfigurationIsVisible = 0;
			defaultConfigurationName = Release;
		};
/* End XCConfigurationList section */
	};
	rootObject = BAC7CC7B231E150F008B416A /* Project object */;
}
